
Microsoft Visual Studio Solution File, Format Version 12.00
Project("{FAE04EC0-301F-11D3-BF4B-00C04F79EFBC}") = "ScreenSoundOO", "ScreenSoundOO.csproj", "{3E7930D8-68B4-414A-8C05-AF424427AE4B}"
EndProject
Global
	GlobalSection(SolutionConfigurationPlatforms) = preSolution
		Debug|Any CPU = Debug|Any CPU
		Release|Any CPU = Release|Any CPU
	EndGlobalSection
	GlobalSection(ProjectConfigurationPlatforms) = postSolution
		{3E7930D8-68B4-414A-8C05-AF424427AE4B}.Debug|Any CPU.ActiveCfg = Debug|Any CPU
		{3E7930D8-68B4-414A-8C05-AF424427AE4B}.Debug|Any CPU.Build.0 = Debug|Any CPU
		{3E7930D8-68B4-414A-8C05-AF424427AE4B}.Release|Any CPU.ActiveCfg = Release|Any CPU
		{3E7930D8-68B4-414A-8C05-AF424427AE4B}.Release|Any CPU.Build.0 = Release|Any CPU
	EndGlobalSection
EndGlobal
